{
  "name": "rookout-aws-lambda-example",
  "version": "1.0.0",
  "lockfileVersion": 1,
  "requires": true,
  "dependencies": {
    "ansi-regex": {
      "version": "2.1.1",
      "resolved": "https://registry.npmjs.org/ansi-regex/-/ansi-regex-2.1.1.tgz",
      "integrity": "sha1-w7M6te42DYbg5ijwRorn7yfWVN8="
    },
    "ascli": {
      "version": "1.0.1",
      "resolved": "https://registry.npmjs.org/ascli/-/ascli-1.0.1.tgz",
      "integrity": "sha1-vPpZdKYvGOgcq660lzKrSoj5Brw=",
      "requires": {
        "colour": "0.7.1",
        "optjs": "3.2.2"
      }
    },
    "atob": {
      "version": "2.1.0",
      "resolved": "https://registry.npmjs.org/atob/-/atob-2.1.0.tgz",
      "integrity": "sha512-SuiKH8vbsOyCALjA/+EINmt/Kdl+TQPrtFgW7XZZcwtryFu9e5kQoX3bjCW6mIvGH1fbeAZZuvwGR5IlBRznGw=="
    },
    "balanced-match": {
      "version": "1.0.0",
      "resolved": "https://registry.npmjs.org/balanced-match/-/balanced-match-1.0.0.tgz",
      "integrity": "sha1-ibTRmasr7kneFk6gK4nORi1xt2c="
    },
    "brace-expansion": {
      "version": "1.1.11",
      "resolved": "https://registry.npmjs.org/brace-expansion/-/brace-expansion-1.1.11.tgz",
      "integrity": "sha512-iCuPHDFgrHX7H2vEI/5xpz07zSHB00TpugqhmYtVmMO6518mCuRMoOYFldEBl0g187ufozdaHgWKcYFb61qGiA==",
      "requires": {
        "balanced-match": "1.0.0",
        "concat-map": "0.0.1"
      }
    },
    "buffer-from": {
      "version": "1.1.1",
      "resolved": "https://registry.npmjs.org/buffer-from/-/buffer-from-1.1.1.tgz",
      "integrity": "sha512-MQcXEUbCKtEo7bhqEs6560Hyd4XaovZlO/k9V3hjVUF/zwW7KBVdSK4gIt/bzwS9MbR5qob+F5jusZsb0YQK2A=="
    },
    "bytebuffer": {
      "version": "5.0.1",
      "resolved": "https://registry.npmjs.org/bytebuffer/-/bytebuffer-5.0.1.tgz",
      "integrity": "sha1-WC7qSxqHO20CCkjVjfhfC7ps/d0=",
      "requires": {
        "long": "3.2.0"
      }
    },
    "camelcase": {
      "version": "2.1.1",
      "resolved": "https://registry.npmjs.org/camelcase/-/camelcase-2.1.1.tgz",
      "integrity": "sha1-fB0W1nmhu+WcoCys7PsBHiAfWh8="
    },
    "cliui": {
      "version": "3.2.0",
      "resolved": "https://registry.npmjs.org/cliui/-/cliui-3.2.0.tgz",
      "integrity": "sha1-EgYBU3qRbSmUD5NNo7SNWFo5IT0=",
      "requires": {
        "string-width": "1.0.2",
        "strip-ansi": "3.0.1",
        "wrap-ansi": "2.1.0"
      }
    },
    "code-point-at": {
      "version": "1.1.0",
      "resolved": "https://registry.npmjs.org/code-point-at/-/code-point-at-1.1.0.tgz",
      "integrity": "sha1-DQcLTQQ6W+ozovGkDi7bPZpMz3c="
    },
    "colour": {
      "version": "0.7.1",
      "resolved": "https://registry.npmjs.org/colour/-/colour-0.7.1.tgz",
      "integrity": "sha1-nLFpkX7F0SwHNtPoaFdG3xyt93g="
    },
    "concat-map": {
      "version": "0.0.1",
      "resolved": "https://registry.npmjs.org/concat-map/-/concat-map-0.0.1.tgz",
      "integrity": "sha1-2Klr13/Wjfd5OnMDajug1UBdR3s="
    },
    "crypto-js": {
      "version": "3.1.9-1",
      "resolved": "https://registry.npmjs.org/crypto-js/-/crypto-js-3.1.9-1.tgz",
      "integrity": "sha1-/aGedh/Ad+Af+/3G6f38WeiAbNg="
    },
    "decamelize": {
      "version": "1.2.0",
      "resolved": "https://registry.npmjs.org/decamelize/-/decamelize-1.2.0.tgz",
      "integrity": "sha1-9lNNFRSCabIDUue+4m9QH5oZEpA="
    },
    "decode-uri-component": {
      "version": "0.2.0",
      "resolved": "https://registry.npmjs.org/decode-uri-component/-/decode-uri-component-0.2.0.tgz",
      "integrity": "sha1-6zkTMzRYd1y4TNGh+uBiEGu4dUU="
    },
    "fs.realpath": {
      "version": "1.0.0",
      "resolved": "https://registry.npmjs.org/fs.realpath/-/fs.realpath-1.0.0.tgz",
      "integrity": "sha1-FQStJSMVjKpA20onh8sBQRmU6k8="
    },
    "glob": {
      "version": "7.1.2",
      "resolved": "https://registry.npmjs.org/glob/-/glob-7.1.2.tgz",
      "integrity": "sha512-MJTUg1kjuLeQCJ+ccE4Vpa6kKVXkPYJ2mOCQyUuKLcLQsdrMCpBPUi8qVE6+YuaJkozeA9NusTAw3hLr8Xe5EQ==",
      "requires": {
        "fs.realpath": "1.0.0",
        "inflight": "1.0.6",
        "inherits": "2.0.3",
        "minimatch": "3.0.4",
        "once": "1.4.0",
        "path-is-absolute": "1.0.1"
      }
    },
    "google-protobuf": {
      "version": "3.5.0",
      "resolved": "https://registry.npmjs.org/google-protobuf/-/google-protobuf-3.5.0.tgz",
      "integrity": "sha1-uMxjx02DRXvYqakEUDyO+ya8ozk="
    },
    "inflight": {
      "version": "1.0.6",
      "resolved": "https://registry.npmjs.org/inflight/-/inflight-1.0.6.tgz",
      "integrity": "sha1-Sb1jMdfQLQwJvJEKEHW6gWW1bfk=",
      "requires": {
        "once": "1.4.0",
        "wrappy": "1.0.2"
      }
    },
    "inherits": {
      "version": "2.0.3",
      "resolved": "https://registry.npmjs.org/inherits/-/inherits-2.0.3.tgz",
      "integrity": "sha1-Yzwsg+PaQqUC9SRmAiSA9CCCYd4="
    },
    "invert-kv": {
      "version": "1.0.0",
      "resolved": "https://registry.npmjs.org/invert-kv/-/invert-kv-1.0.0.tgz",
      "integrity": "sha1-EEqOSqym09jNFXqO+L+rLXo//bY="
    },
    "ip": {
      "version": "1.1.5",
      "resolved": "https://registry.npmjs.org/ip/-/ip-1.1.5.tgz",
      "integrity": "sha1-vd7XARQpCCjAoDnnLvJfWq7ENUo="
    },
    "is-fullwidth-code-point": {
      "version": "1.0.0",
      "resolved": "https://registry.npmjs.org/is-fullwidth-code-point/-/is-fullwidth-code-point-1.0.0.tgz",
      "integrity": "sha1-754xOG8DGn8NZDr4L95QxFfvAMs=",
      "requires": {
        "number-is-nan": "1.0.1"
      }
    },
    "lcid": {
      "version": "1.0.0",
      "resolved": "https://registry.npmjs.org/lcid/-/lcid-1.0.0.tgz",
      "integrity": "sha1-MIrMr6C8SDo4Z7S28rlQYlHRuDU=",
      "requires": {
        "invert-kv": "1.0.0"
      }
    },
    "lock": {
      "version": "1.1.0",
      "resolved": "https://registry.npmjs.org/lock/-/lock-1.1.0.tgz",
      "integrity": "sha1-UxV0mdFlOxNspmRRBx/KYVcD+lU="
    },
    "lodash.camelcase": {
      "version": "4.3.0",
      "resolved": "https://registry.npmjs.org/lodash.camelcase/-/lodash.camelcase-4.3.0.tgz",
      "integrity": "sha1-soqmKIorn8ZRA1x3EfZathkDMaY="
    },
    "lodash.clone": {
      "version": "4.5.0",
      "resolved": "https://registry.npmjs.org/lodash.clone/-/lodash.clone-4.5.0.tgz",
      "integrity": "sha1-GVhwRQ9aExkkeN9Lw9I9LeoZB7Y="
    },
    "long": {
      "version": "3.2.0",
      "resolved": "https://registry.npmjs.org/long/-/long-3.2.0.tgz",
      "integrity": "sha1-2CG3E4yhy1gcFymQ7xTbIAtcR0s="
    },
    "minimatch": {
      "version": "3.0.4",
      "resolved": "https://registry.npmjs.org/minimatch/-/minimatch-3.0.4.tgz",
      "integrity": "sha512-yJHVQEhyqPLUTgt9B83PXu6W3rx4MvvHvSUvToogpwoGDOUQ+yDrR0HRot+yOCdCO7u4hX3pWft6kWBBcqh0UA==",
      "requires": {
        "brace-expansion": "1.1.11"
      }
    },
    "nan": {
      "version": "2.10.0",
      "resolved": "https://registry.npmjs.org/nan/-/nan-2.10.0.tgz",
      "integrity": "sha512-bAdJv7fBLhWC+/Bls0Oza+mvTaNQtP+1RyhhhvD95pgUJz6XM5IzgmxOkItJ9tkoCiplvAnXI1tNmmUD/eScyA=="
    },
    "number-is-nan": {
      "version": "1.0.1",
      "resolved": "https://registry.npmjs.org/number-is-nan/-/number-is-nan-1.0.1.tgz",
      "integrity": "sha1-CXtgK1NCKlIsGvuHkDGDNpQaAR0="
    },
    "once": {
      "version": "1.4.0",
      "resolved": "https://registry.npmjs.org/once/-/once-1.4.0.tgz",
      "integrity": "sha1-WDsap3WWHUsROsF9nFC6753Xa9E=",
      "requires": {
        "wrappy": "1.0.2"
      }
    },
    "optjs": {
      "version": "3.2.2",
      "resolved": "https://registry.npmjs.org/optjs/-/optjs-3.2.2.tgz",
      "integrity": "sha1-aabOicRCpEQDFBrS+bNwvVu29O4="
    },
    "os-locale": {
      "version": "1.4.0",
      "resolved": "https://registry.npmjs.org/os-locale/-/os-locale-1.4.0.tgz",
      "integrity": "sha1-IPnxeuKe00XoveWDsT0gCYA8FNk=",
      "requires": {
        "lcid": "1.0.0"
      }
    },
    "path-is-absolute": {
      "version": "1.0.1",
      "resolved": "https://registry.npmjs.org/path-is-absolute/-/path-is-absolute-1.0.1.tgz",
      "integrity": "sha1-F0uSaHNVNP+8es5r9TpanhtcX18="
    },
    "resolve-url": {
      "version": "0.2.1",
      "resolved": "https://registry.npmjs.org/resolve-url/-/resolve-url-0.2.1.tgz",
      "integrity": "sha1-LGN/53yJOv0qZj/iGqkIAGjiBSo="
    },
    "rookout": {
      "version": "0.1.47",
      "resolved": "https://registry.npmjs.org/rookout/-/rookout-0.1.47.tgz",
      "integrity": "sha512-jz/vu1/bx2EMQjzNN3/SaTDsem9P6+o7sWftSqAPR4My4a+8G99DW6oYwfTxoX/p8GXxLDb45CYmF9ddDnoZUA==",
      "requires": {
        "buffer-from": "1.1.1",
        "crypto-js": "3.1.9-1",
        "google-protobuf": "3.5.0",
        "grpc": "1.18.0",
        "ip": "1.1.5",
        "lock": "1.1.0",
        "source-map": "0.6.1",
        "source-map-resolve": "0.5.1",
        "source-map-support": "0.5.4"
      },
      "dependencies": {
        "grpc": {
          "version": "1.18.0",
          "resolved": "https://registry.npmjs.org/grpc/-/grpc-1.18.0.tgz",
          "integrity": "sha512-M0K67Zhv2ZzCjrTbQvjWgYFPB929L+qAVnbNgXepbfO5kJxUYc30dP8m8vb+o8QdahLHAeYfIqRoIzZRcCB98Q==",
          "requires": {
            "lodash.camelcase": "4.3.0",
            "lodash.clone": "4.5.0",
            "nan": "2.10.0",
            "node-pre-gyp": "0.12.0",
            "protobufjs": "5.0.3"
          },
          "dependencies": {
            "abbrev": {
              "version": "1.1.1",
              "bundled": true
            },
            "ansi-regex": {
              "version": "2.1.1",
              "bundled": true
            },
            "aproba": {
              "version": "1.2.0",
              "bundled": true
            },
            "are-we-there-yet": {
              "version": "1.1.5",
              "bundled": true,
              "requires": {
                "delegates": "1.0.0",
                "readable-stream": "2.3.6"
              }
            },
            "balanced-match": {
              "version": "1.0.0",
              "bundled": true
            },
            "brace-expansion": {
              "version": "1.1.11",
              "bundled": true,
              "requires": {
                "balanced-match": "1.0.0",
                "concat-map": "0.0.1"
              }
            },
            "chownr": {
              "version": "1.1.1",
              "bundled": true
            },
            "code-point-at": {
              "version": "1.1.0",
              "bundled": true
            },
            "concat-map": {
              "version": "0.0.1",
              "bundled": true
            },
            "console-control-strings": {
              "version": "1.1.0",
              "bundled": true
            },
            "core-util-is": {
              "version": "1.0.2",
              "bundled": true
            },
            "debug": {
              "version": "2.6.9",
              "bundled": true,
              "requires": {
                "ms": "2.0.0"
              }
            },
            "deep-extend": {
              "version": "0.6.0",
              "bundled": true
            },
            "delegates": {
              "version": "1.0.0",
              "bundled": true
            },
            "detect-libc": {
              "version": "1.0.3",
              "bundled": true
            },
            "fs-minipass": {
              "version": "1.2.5",
              "bundled": true,
              "requires": {
                "minipass": "2.3.5"
              }
            },
            "fs.realpath": {
              "version": "1.0.0",
              "bundled": true
            },
            "gauge": {
              "version": "2.7.4",
              "bundled": true,
              "requires": {
                "aproba": "1.2.0",
                "console-control-strings": "1.1.0",
                "has-unicode": "2.0.1",
                "object-assign": "4.1.1",
                "signal-exit": "3.0.2",
                "string-width": "1.0.2",
                "strip-ansi": "3.0.1",
                "wide-align": "1.1.3"
              }
            },
            "glob": {
              "version": "7.1.2",
              "bundled": true,
              "requires": {
                "fs.realpath": "1.0.0",
                "inflight": "1.0.6",
                "inherits": "2.0.3",
                "minimatch": "3.0.4",
                "once": "1.4.0",
                "path-is-absolute": "1.0.1"
              }
            },
            "has-unicode": {
              "version": "2.0.1",
              "bundled": true
            },
            "iconv-lite": {
              "version": "0.4.23",
              "bundled": true,
              "requires": {
                "safer-buffer": "2.1.2"
              }
            },
            "ignore-walk": {
              "version": "3.0.1",
              "bundled": true,
              "requires": {
                "minimatch": "3.0.4"
              }
            },
            "inflight": {
              "version": "1.0.6",
              "bundled": true,
              "requires": {
                "once": "1.4.0",
                "wrappy": "1.0.2"
              }
            },
            "inherits": {
              "version": "2.0.3",
              "bundled": true
            },
            "ini": {
              "version": "1.3.5",
              "bundled": true
            },
            "is-fullwidth-code-point": {
              "version": "1.0.0",
              "bundled": true,
              "requires": {
                "number-is-nan": "1.0.1"
              }
            },
            "isarray": {
              "version": "1.0.0",
              "bundled": true
            },
            "minimatch": {
              "version": "3.0.4",
              "bundled": true,
              "requires": {
                "brace-expansion": "1.1.11"
              }
            },
            "minimist": {
              "version": "1.2.0",
              "bundled": true
            },
            "minipass": {
              "version": "2.3.5",
              "bundled": true,
              "requires": {
                "safe-buffer": "5.1.2",
                "yallist": "3.0.3"
              }
            },
            "minizlib": {
              "version": "1.1.1",
              "bundled": true,
              "requires": {
                "minipass": "2.3.5"
              }
            },
            "mkdirp": {
              "version": "0.5.1",
              "bundled": true,
              "requires": {
                "minimist": "0.0.8"
              },
              "dependencies": {
                "minimist": {
                  "version": "0.0.8",
                  "bundled": true
                }
              }
            },
            "ms": {
              "version": "2.0.0",
              "bundled": true
            },
            "needle": {
              "version": "2.2.4",
              "bundled": true,
              "requires": {
                "debug": "2.6.9",
                "iconv-lite": "0.4.23",
                "sax": "1.2.4"
              }
            },
            "node-pre-gyp": {
              "version": "0.12.0",
              "bundled": true,
              "requires": {
                "detect-libc": "1.0.3",
                "mkdirp": "0.5.1",
                "needle": "2.2.4",
                "nopt": "4.0.1",
                "npm-packlist": "1.1.12",
                "npmlog": "4.1.2",
                "rc": "1.2.8",
                "rimraf": "2.6.2",
                "semver": "5.6.0",
                "tar": "4.4.8"
              }
            },
            "nopt": {
              "version": "4.0.1",
              "bundled": true,
              "requires": {
                "abbrev": "1.1.1",
                "osenv": "0.1.5"
              }
            },
            "npm-bundled": {
              "version": "1.0.5",
              "bundled": true
            },
            "npm-packlist": {
              "version": "1.1.12",
              "bundled": true,
              "requires": {
                "ignore-walk": "3.0.1",
                "npm-bundled": "1.0.5"
              }
            },
            "npmlog": {
              "version": "4.1.2",
              "bundled": true,
              "requires": {
                "are-we-there-yet": "1.1.5",
                "console-control-strings": "1.1.0",
                "gauge": "2.7.4",
                "set-blocking": "2.0.0"
              }
            },
            "number-is-nan": {
              "version": "1.0.1",
              "bundled": true
            },
            "object-assign": {
              "version": "4.1.1",
              "bundled": true
            },
            "once": {
              "version": "1.4.0",
              "bundled": true,
              "requires": {
                "wrappy": "1.0.2"
              }
            },
            "os-homedir": {
              "version": "1.0.2",
              "bundled": true
            },
            "os-tmpdir": {
              "version": "1.0.2",
              "bundled": true
            },
            "osenv": {
              "version": "0.1.5",
              "bundled": true,
              "requires": {
                "os-homedir": "1.0.2",
                "os-tmpdir": "1.0.2"
              }
            },
            "path-is-absolute": {
              "version": "1.0.1",
              "bundled": true
            },
            "process-nextick-args": {
              "version": "2.0.0",
              "bundled": true
            },
            "rc": {
              "version": "1.2.8",
              "bundled": true,
              "requires": {
                "deep-extend": "0.6.0",
                "ini": "1.3.5",
                "minimist": "1.2.0",
                "strip-json-comments": "2.0.1"
              }
            },
            "readable-stream": {
              "version": "2.3.6",
              "bundled": true,
              "requires": {
                "core-util-is": "1.0.2",
                "inherits": "2.0.3",
                "isarray": "1.0.0",
                "process-nextick-args": "2.0.0",
                "safe-buffer": "5.1.2",
                "string_decoder": "1.1.1",
                "util-deprecate": "1.0.2"
              }
            },
            "rimraf": {
              "version": "2.6.2",
              "bundled": true,
              "requires": {
                "glob": "7.1.2"
              }
            },
            "safe-buffer": {
              "version": "5.1.2",
              "bundled": true
            },
            "safer-buffer": {
              "version": "2.1.2",
              "bundled": true
            },
            "sax": {
              "version": "1.2.4",
              "bundled": true
            },
            "semver": {
              "version": "5.6.0",
              "bundled": true
            },
            "set-blocking": {
              "version": "2.0.0",
              "bundled": true
            },
            "signal-exit": {
              "version": "3.0.2",
              "bundled": true
            },
            "string-width": {
              "version": "1.0.2",
              "bundled": true,
              "requires": {
                "code-point-at": "1.1.0",
                "is-fullwidth-code-point": "1.0.0",
                "strip-ansi": "3.0.1"
              }
            },
            "string_decoder": {
              "version": "1.1.1",
              "bundled": true,
              "requires": {
                "safe-buffer": "5.1.2"
              }
            },
            "strip-ansi": {
              "version": "3.0.1",
              "bundled": true,
              "requires": {
                "ansi-regex": "2.1.1"
              }
            },
            "strip-json-comments": {
              "version": "2.0.1",
              "bundled": true
            },
            "tar": {
              "version": "4.4.8",
              "bundled": true,
              "requires": {
                "chownr": "1.1.1",
                "fs-minipass": "1.2.5",
                "minipass": "2.3.5",
                "minizlib": "1.1.1",
                "mkdirp": "0.5.1",
                "safe-buffer": "5.1.2",
                "yallist": "3.0.3"
              }
            },
            "util-deprecate": {
              "version": "1.0.2",
              "bundled": true
            },
            "wide-align": {
              "version": "1.1.3",
              "bundled": true,
              "requires": {
                "string-width": "1.0.2"
              }
            },
            "wrappy": {
              "version": "1.0.2",
              "bundled": true
            },
            "yallist": {
              "version": "3.0.3",
              "bundled": true
            }
          }
        },
        "protobufjs": {
          "version": "5.0.3",
          "resolved": "https://registry.npmjs.org/protobufjs/-/protobufjs-5.0.3.tgz",
          "integrity": "sha512-55Kcx1MhPZX0zTbVosMQEO5R6/rikNXd9b6RQK4KSPcrSIIwoXTtebIczUrXlwaSrbz4x8XUVThGPob1n8I4QA==",
          "requires": {
            "ascli": "1.0.1",
            "bytebuffer": "5.0.1",
            "glob": "7.1.2",
            "yargs": "3.32.0"
          }
        }
      }
    },
    "source-map": {
      "version": "0.6.1",
      "resolved": "https://registry.npmjs.org/source-map/-/source-map-0.6.1.tgz",
      "integrity": "sha512-UjgapumWlbMhkBgzT7Ykc5YXUT46F0iKu8SGXq0bcwP5dz/h0Plj6enJqjz1Zbq2l5WaqYnrVbwWOWMyF3F47g=="
    },
    "source-map-resolve": {
      "version": "0.5.1",
      "resolved": "https://registry.npmjs.org/source-map-resolve/-/source-map-resolve-0.5.1.tgz",
      "integrity": "sha512-0KW2wvzfxm8NCTb30z0LMNyPqWCdDGE2viwzUaucqJdkTRXtZiSY3I+2A6nVAjmdOy0I4gU8DwnVVGsk9jvP2A==",
      "requires": {
        "atob": "2.1.0",
        "decode-uri-component": "0.2.0",
        "resolve-url": "0.2.1",
        "source-map-url": "0.4.0",
        "urix": "0.1.0"
      }
    },
    "source-map-support": {
      "version": "0.5.4",
      "resolved": "https://registry.npmjs.org/source-map-support/-/source-map-support-0.5.4.tgz",
      "integrity": "sha512-PETSPG6BjY1AHs2t64vS2aqAgu6dMIMXJULWFBGbh2Gr8nVLbCFDo6i/RMMvviIQ2h1Z8+5gQhVKSn2je9nmdg==",
      "requires": {
        "source-map": "0.6.1"
      }
    },
    "source-map-url": {
      "version": "0.4.0",
      "resolved": "https://registry.npmjs.org/source-map-url/-/source-map-url-0.4.0.tgz",
      "integrity": "sha1-PpNdfd1zYxuXZZlW1VEo6HtQhKM="
    },
    "string-width": {
      "version": "1.0.2",
      "resolved": "https://registry.npmjs.org/string-width/-/string-width-1.0.2.tgz",
      "integrity": "sha1-EYvfW4zcUaKn5w0hHgfisLmxB9M=",
      "requires": {
        "code-point-at": "1.1.0",
        "is-fullwidth-code-point": "1.0.0",
        "strip-ansi": "3.0.1"
      }
    },
    "strip-ansi": {
      "version": "3.0.1",
      "resolved": "https://registry.npmjs.org/strip-ansi/-/strip-ansi-3.0.1.tgz",
      "integrity": "sha1-ajhfuIU9lS1f8F0Oiq+UJ43GPc8=",
      "requires": {
        "ansi-regex": "2.1.1"
      }
    },
    "urix": {
      "version": "0.1.0",
      "resolved": "https://registry.npmjs.org/urix/-/urix-0.1.0.tgz",
      "integrity": "sha1-2pN/emLiH+wf0Y1Js1wpNQZ6bHI="
    },
    "window-size": {
      "version": "0.1.4",
      "resolved": "https://registry.npmjs.org/window-size/-/window-size-0.1.4.tgz",
      "integrity": "sha1-+OGqHuWlPsW/FR/6CXQqatdpeHY="
    },
    "wrap-ansi": {
      "version": "2.1.0",
      "resolved": "https://registry.npmjs.org/wrap-ansi/-/wrap-ansi-2.1.0.tgz",
      "integrity": "sha1-2Pw9KE3QV5T+hJc8rs3Rz4JP3YU=",
      "requires": {
        "string-width": "1.0.2",
        "strip-ansi": "3.0.1"
      }
    },
    "wrappy": {
      "version": "1.0.2",
      "resolved": "https://registry.npmjs.org/wrappy/-/wrappy-1.0.2.tgz",
      "integrity": "sha1-tSQ9jz7BqjXxNkYFvA0QNuMKtp8="
    },
    "y18n": {
      "version": "3.2.1",
      "resolved": "https://registry.npmjs.org/y18n/-/y18n-3.2.1.tgz",
      "integrity": "sha1-bRX7qITAhnnA136I53WegR4H+kE="
    },
    "yargs": {
      "version": "3.32.0",
      "resolved": "https://registry.npmjs.org/yargs/-/yargs-3.32.0.tgz",
      "integrity": "sha1-AwiOnr+edWtpdRYR0qXvWRSCyZU=",
      "requires": {
        "camelcase": "2.1.1",
        "cliui": "3.2.0",
        "decamelize": "1.2.0",
        "os-locale": "1.4.0",
        "string-width": "1.0.2",
        "window-size": "0.1.4",
        "y18n": "3.2.1"
      }
    }
  }
}
